
Microsoft Visual Studio Solution File, Format Version 12.00
# Visual Studio Version 16
VisualStudioVersion = 16.0.32106.194
MinimumVisualStudioVersion = 10.0.40219.1
Project("{FAE04EC0-301F-11D3-BF4B-00C04F79EFBC}") = "Lesson35_RandomKomutu", "Lesson35_RandomKomutu\Lesson35_RandomKomutu.csproj", "{2EC18DC0-3EFD-403D-A23C-B0681093B713}"
EndProject
Project("{FAE04EC0-301F-11D3-BF4B-00C04F79EFBC}") = "ExampleRandom", "ExampleRandom\ExampleRandom.csproj", "{135B1CC9-CB88-4BC5-BAC7-3C39A5D3574B}"
EndProject
Global
	GlobalSection(SolutionConfigurationPlatforms) = preSolution
		Debug|Any CPU = Debug|Any CPU
		Release|Any CPU = Release|Any CPU
	EndGlobalSection
	GlobalSection(ProjectConfigurationPlatforms) = postSolution
		{2EC18DC0-3EFD-403D-A23C-B0681093B713}.Debug|Any CPU.ActiveCfg = Debug|Any CPU
		{2EC18DC0-3EFD-403D-A23C-B0681093B713}.Debug|Any CPU.Build.0 = Debug|Any CPU
		{2EC18DC0-3EFD-403D-A23C-B0681093B713}.Release|Any CPU.ActiveCfg = Release|Any CPU
		{2EC18DC0-3EFD-403D-A23C-B0681093B713}.Release|Any CPU.Build.0 = Release|Any CPU
		{135B1CC9-CB88-4BC5-BAC7-3C39A5D3574B}.Debug|Any CPU.ActiveCfg = Debug|Any CPU
		{135B1CC9-CB88-4BC5-BAC7-3C39A5D3574B}.Debug|Any CPU.Build.0 = Debug|Any CPU
		{135B1CC9-CB88-4BC5-BAC7-3C39A5D3574B}.Release|Any CPU.ActiveCfg = Release|Any CPU
		{135B1CC9-CB88-4BC5-BAC7-3C39A5D3574B}.Release|Any CPU.Build.0 = Release|Any CPU
	EndGlobalSection
	GlobalSection(SolutionProperties) = preSolution
		HideSolutionNode = FALSE
	EndGlobalSection
	GlobalSection(ExtensibilityGlobals) = postSolution
		SolutionGuid = {821E1B02-DF6B-46C0-A2B1-B9B72117FBEF}
	EndGlobalSection
EndGlobal
