
Microsoft Visual Studio Solution File, Format Version 12.00
# Visual Studio Version 16
VisualStudioVersion = 16.0.32002.261
MinimumVisualStudioVersion = 10.0.40219.1
Project("{FAE04EC0-301F-11D3-BF4B-00C04F79EFBC}") = "Lesson8", "Lesson8\Lesson8.csproj", "{64C802B0-4510-4B1A-B98E-2B1E530ACF1C}"
EndProject
Global
	GlobalSection(SolutionConfigurationPlatforms) = preSolution
		Debug|Any CPU = Debug|Any CPU
		Release|Any CPU = Release|Any CPU
	EndGlobalSection
	GlobalSection(ProjectConfigurationPlatforms) = postSolution
		{64C802B0-4510-4B1A-B98E-2B1E530ACF1C}.Debug|Any CPU.ActiveCfg = Debug|Any CPU
		{64C802B0-4510-4B1A-B98E-2B1E530ACF1C}.Debug|Any CPU.Build.0 = Debug|Any CPU
		{64C802B0-4510-4B1A-B98E-2B1E530ACF1C}.Release|Any CPU.ActiveCfg = Release|Any CPU
		{64C802B0-4510-4B1A-B98E-2B1E530ACF1C}.Release|Any CPU.Build.0 = Release|Any CPU
	EndGlobalSection
	GlobalSection(SolutionProperties) = preSolution
		HideSolutionNode = FALSE
	EndGlobalSection
	GlobalSection(ExtensibilityGlobals) = postSolution
		SolutionGuid = {BE75455A-113A-4E0B-87BD-AD8732E8BE68}
	EndGlobalSection
EndGlobal
