
Microsoft Visual Studio Solution File, Format Version 12.00
# Visual Studio Version 16
VisualStudioVersion = 16.0.32002.261
MinimumVisualStudioVersion = 10.0.40219.1
Project("{FAE04EC0-301F-11D3-BF4B-00C04F79EFBC}") = "Arac_Kullanimlari_2", "Arac_Kullanimlari_2\Arac_Kullanimlari_2.csproj", "{18912DF7-DCDF-4B58-8C1E-2A7A54C0F08D}"
EndProject
Global
	GlobalSection(SolutionConfigurationPlatforms) = preSolution
		Debug|Any CPU = Debug|Any CPU
		Release|Any CPU = Release|Any CPU
	EndGlobalSection
	GlobalSection(ProjectConfigurationPlatforms) = postSolution
		{18912DF7-DCDF-4B58-8C1E-2A7A54C0F08D}.Debug|Any CPU.ActiveCfg = Debug|Any CPU
		{18912DF7-DCDF-4B58-8C1E-2A7A54C0F08D}.Debug|Any CPU.Build.0 = Debug|Any CPU
		{18912DF7-DCDF-4B58-8C1E-2A7A54C0F08D}.Release|Any CPU.ActiveCfg = Release|Any CPU
		{18912DF7-DCDF-4B58-8C1E-2A7A54C0F08D}.Release|Any CPU.Build.0 = Release|Any CPU
	EndGlobalSection
	GlobalSection(SolutionProperties) = preSolution
		HideSolutionNode = FALSE
	EndGlobalSection
	GlobalSection(ExtensibilityGlobals) = postSolution
		SolutionGuid = {573C3C49-E635-4DC5-A84D-70E0C6E9AA33}
	EndGlobalSection
EndGlobal
