
Microsoft Visual Studio Solution File, Format Version 12.00
# Visual Studio Version 16
VisualStudioVersion = 16.0.32106.194
MinimumVisualStudioVersion = 10.0.40219.1
Project("{FAE04EC0-301F-11D3-BF4B-00C04F79EFBC}") = "Lesson29_Methods_GeriyeDegerDonduren", "Lesson29_Methods_GeriyeDegerDonduren\Lesson29_Methods_GeriyeDegerDonduren.csproj", "{58CAB008-51A4-441A-A744-5440730152A2}"
EndProject
Project("{FAE04EC0-301F-11D3-BF4B-00C04F79EFBC}") = "ExampleReturn", "ExampleReturn\ExampleReturn.csproj", "{823AABCF-96E4-4BB2-941E-B4B02913F433}"
EndProject
Global
	GlobalSection(SolutionConfigurationPlatforms) = preSolution
		Debug|Any CPU = Debug|Any CPU
		Release|Any CPU = Release|Any CPU
	EndGlobalSection
	GlobalSection(ProjectConfigurationPlatforms) = postSolution
		{58CAB008-51A4-441A-A744-5440730152A2}.Debug|Any CPU.ActiveCfg = Debug|Any CPU
		{58CAB008-51A4-441A-A744-5440730152A2}.Debug|Any CPU.Build.0 = Debug|Any CPU
		{58CAB008-51A4-441A-A744-5440730152A2}.Release|Any CPU.ActiveCfg = Release|Any CPU
		{58CAB008-51A4-441A-A744-5440730152A2}.Release|Any CPU.Build.0 = Release|Any CPU
		{823AABCF-96E4-4BB2-941E-B4B02913F433}.Debug|Any CPU.ActiveCfg = Debug|Any CPU
		{823AABCF-96E4-4BB2-941E-B4B02913F433}.Debug|Any CPU.Build.0 = Debug|Any CPU
		{823AABCF-96E4-4BB2-941E-B4B02913F433}.Release|Any CPU.ActiveCfg = Release|Any CPU
		{823AABCF-96E4-4BB2-941E-B4B02913F433}.Release|Any CPU.Build.0 = Release|Any CPU
	EndGlobalSection
	GlobalSection(SolutionProperties) = preSolution
		HideSolutionNode = FALSE
	EndGlobalSection
	GlobalSection(ExtensibilityGlobals) = postSolution
		SolutionGuid = {EF7E59B9-606A-4795-A98D-1C4317BCE5F8}
	EndGlobalSection
EndGlobal
