
Microsoft Visual Studio Solution File, Format Version 12.00
# Visual Studio Version 16
VisualStudioVersion = 16.0.32106.194
MinimumVisualStudioVersion = 10.0.40219.1
Project("{FAE04EC0-301F-11D3-BF4B-00C04F79EFBC}") = "Lesson28_Methods_Void_GeriyeDegerDondurmeyen", "Lesson28_Methods_Void_GeriyeDegerDondurmeyen\Lesson28_Methods_Void_GeriyeDegerDondurmeyen.csproj", "{FF10FFC2-B779-4EAD-8D83-E50DBF7F489F}"
EndProject
Project("{FAE04EC0-301F-11D3-BF4B-00C04F79EFBC}") = "VoidExample", "VoidExample\VoidExample.csproj", "{47BD52BE-B8F2-4721-B530-96771B3A1E3F}"
EndProject
Global
	GlobalSection(SolutionConfigurationPlatforms) = preSolution
		Debug|Any CPU = Debug|Any CPU
		Release|Any CPU = Release|Any CPU
	EndGlobalSection
	GlobalSection(ProjectConfigurationPlatforms) = postSolution
		{FF10FFC2-B779-4EAD-8D83-E50DBF7F489F}.Debug|Any CPU.ActiveCfg = Debug|Any CPU
		{FF10FFC2-B779-4EAD-8D83-E50DBF7F489F}.Debug|Any CPU.Build.0 = Debug|Any CPU
		{FF10FFC2-B779-4EAD-8D83-E50DBF7F489F}.Release|Any CPU.ActiveCfg = Release|Any CPU
		{FF10FFC2-B779-4EAD-8D83-E50DBF7F489F}.Release|Any CPU.Build.0 = Release|Any CPU
		{47BD52BE-B8F2-4721-B530-96771B3A1E3F}.Debug|Any CPU.ActiveCfg = Debug|Any CPU
		{47BD52BE-B8F2-4721-B530-96771B3A1E3F}.Debug|Any CPU.Build.0 = Debug|Any CPU
		{47BD52BE-B8F2-4721-B530-96771B3A1E3F}.Release|Any CPU.ActiveCfg = Release|Any CPU
		{47BD52BE-B8F2-4721-B530-96771B3A1E3F}.Release|Any CPU.Build.0 = Release|Any CPU
	EndGlobalSection
	GlobalSection(SolutionProperties) = preSolution
		HideSolutionNode = FALSE
	EndGlobalSection
	GlobalSection(ExtensibilityGlobals) = postSolution
		SolutionGuid = {B991010A-1AD8-48AA-BC86-7810B189747C}
	EndGlobalSection
EndGlobal
