
Microsoft Visual Studio Solution File, Format Version 12.00
# Visual Studio Version 16
VisualStudioVersion = 16.0.32106.194
MinimumVisualStudioVersion = 10.0.40219.1
Project("{FAE04EC0-301F-11D3-BF4B-00C04F79EFBC}") = "Lesson23_DoWhile_Loop", "Lesson23_DoWhile_Loop\Lesson23_DoWhile_Loop.csproj", "{77100819-3366-4BD5-99E4-33AD04657949}"
EndProject
Global
	GlobalSection(SolutionConfigurationPlatforms) = preSolution
		Debug|Any CPU = Debug|Any CPU
		Release|Any CPU = Release|Any CPU
	EndGlobalSection
	GlobalSection(ProjectConfigurationPlatforms) = postSolution
		{77100819-3366-4BD5-99E4-33AD04657949}.Debug|Any CPU.ActiveCfg = Debug|Any CPU
		{77100819-3366-4BD5-99E4-33AD04657949}.Debug|Any CPU.Build.0 = Debug|Any CPU
		{77100819-3366-4BD5-99E4-33AD04657949}.Release|Any CPU.ActiveCfg = Release|Any CPU
		{77100819-3366-4BD5-99E4-33AD04657949}.Release|Any CPU.Build.0 = Release|Any CPU
	EndGlobalSection
	GlobalSection(SolutionProperties) = preSolution
		HideSolutionNode = FALSE
	EndGlobalSection
	GlobalSection(ExtensibilityGlobals) = postSolution
		SolutionGuid = {B3DC75AB-2A48-4FE5-8029-B3C76BA9F12B}
	EndGlobalSection
EndGlobal
