
Microsoft Visual Studio Solution File, Format Version 12.00
# Visual Studio Version 16
VisualStudioVersion = 16.0.32106.194
MinimumVisualStudioVersion = 10.0.40219.1
Project("{FAE04EC0-301F-11D3-BF4B-00C04F79EFBC}") = "Lesson18_Ogrenci_Sinav_Hesaplama", "Lesson18_Ogrenci_Sinav_Hesaplama\Lesson18_Ogrenci_Sinav_Hesaplama.csproj", "{650EE5DD-3C9C-4AB3-B823-4B995B598BAE}"
EndProject
Global
	GlobalSection(SolutionConfigurationPlatforms) = preSolution
		Debug|Any CPU = Debug|Any CPU
		Release|Any CPU = Release|Any CPU
	EndGlobalSection
	GlobalSection(ProjectConfigurationPlatforms) = postSolution
		{650EE5DD-3C9C-4AB3-B823-4B995B598BAE}.Debug|Any CPU.ActiveCfg = Debug|Any CPU
		{650EE5DD-3C9C-4AB3-B823-4B995B598BAE}.Debug|Any CPU.Build.0 = Debug|Any CPU
		{650EE5DD-3C9C-4AB3-B823-4B995B598BAE}.Release|Any CPU.ActiveCfg = Release|Any CPU
		{650EE5DD-3C9C-4AB3-B823-4B995B598BAE}.Release|Any CPU.Build.0 = Release|Any CPU
	EndGlobalSection
	GlobalSection(SolutionProperties) = preSolution
		HideSolutionNode = FALSE
	EndGlobalSection
	GlobalSection(ExtensibilityGlobals) = postSolution
		SolutionGuid = {E6769DC7-498B-419F-8521-157FC1B422B8}
	EndGlobalSection
EndGlobal
