
Microsoft Visual Studio Solution File, Format Version 12.00
# Visual Studio Version 16
VisualStudioVersion = 16.0.32106.194
MinimumVisualStudioVersion = 10.0.40219.1
Project("{FAE04EC0-301F-11D3-BF4B-00C04F79EFBC}") = "Lesson15_Sinema_Bufe_Satis", "Lesson15_Sinema_Bufe_Satis\Lesson15_Sinema_Bufe_Satis.csproj", "{744C810C-4838-44CF-BC04-F3A554C738F0}"
EndProject
Global
	GlobalSection(SolutionConfigurationPlatforms) = preSolution
		Debug|Any CPU = Debug|Any CPU
		Release|Any CPU = Release|Any CPU
	EndGlobalSection
	GlobalSection(ProjectConfigurationPlatforms) = postSolution
		{744C810C-4838-44CF-BC04-F3A554C738F0}.Debug|Any CPU.ActiveCfg = Debug|Any CPU
		{744C810C-4838-44CF-BC04-F3A554C738F0}.Debug|Any CPU.Build.0 = Debug|Any CPU
		{744C810C-4838-44CF-BC04-F3A554C738F0}.Release|Any CPU.ActiveCfg = Release|Any CPU
		{744C810C-4838-44CF-BC04-F3A554C738F0}.Release|Any CPU.Build.0 = Release|Any CPU
	EndGlobalSection
	GlobalSection(SolutionProperties) = preSolution
		HideSolutionNode = FALSE
	EndGlobalSection
	GlobalSection(ExtensibilityGlobals) = postSolution
		SolutionGuid = {FC41BFF0-2430-46F6-AC3B-C9446952BBA4}
	EndGlobalSection
EndGlobal
