
Microsoft Visual Studio Solution File, Format Version 12.00
# Visual Studio Version 16
VisualStudioVersion = 16.0.32106.194
MinimumVisualStudioVersion = 10.0.40219.1
Project("{9A19103F-16F7-4668-BE54-9A1E7A4F7556}") = "Lesson23_While_Loop", "Lesson23_While_Loop\Lesson23_While_Loop.csproj", "{7E254A28-82DB-4813-8C18-277A5C1D0007}"
EndProject
Project("{9A19103F-16F7-4668-BE54-9A1E7A4F7556}") = "Endless_Loop", "Endless_Loop\Endless_Loop.csproj", "{16EDFFD1-5C00-4596-87CE-B3FF4C9AEB71}"
EndProject
Project("{FAE04EC0-301F-11D3-BF4B-00C04F79EFBC}") = "WhileSayiToplami", "WhileSayiToplami\WhileSayiToplami.csproj", "{2F90424E-09B8-4C56-8420-05E1581C95E8}"
EndProject
Global
	GlobalSection(SolutionConfigurationPlatforms) = preSolution
		Debug|Any CPU = Debug|Any CPU
		Release|Any CPU = Release|Any CPU
	EndGlobalSection
	GlobalSection(ProjectConfigurationPlatforms) = postSolution
		{7E254A28-82DB-4813-8C18-277A5C1D0007}.Debug|Any CPU.ActiveCfg = Debug|Any CPU
		{7E254A28-82DB-4813-8C18-277A5C1D0007}.Debug|Any CPU.Build.0 = Debug|Any CPU
		{7E254A28-82DB-4813-8C18-277A5C1D0007}.Release|Any CPU.ActiveCfg = Release|Any CPU
		{7E254A28-82DB-4813-8C18-277A5C1D0007}.Release|Any CPU.Build.0 = Release|Any CPU
		{16EDFFD1-5C00-4596-87CE-B3FF4C9AEB71}.Debug|Any CPU.ActiveCfg = Debug|Any CPU
		{16EDFFD1-5C00-4596-87CE-B3FF4C9AEB71}.Debug|Any CPU.Build.0 = Debug|Any CPU
		{16EDFFD1-5C00-4596-87CE-B3FF4C9AEB71}.Release|Any CPU.ActiveCfg = Release|Any CPU
		{16EDFFD1-5C00-4596-87CE-B3FF4C9AEB71}.Release|Any CPU.Build.0 = Release|Any CPU
		{2F90424E-09B8-4C56-8420-05E1581C95E8}.Debug|Any CPU.ActiveCfg = Debug|Any CPU
		{2F90424E-09B8-4C56-8420-05E1581C95E8}.Debug|Any CPU.Build.0 = Debug|Any CPU
		{2F90424E-09B8-4C56-8420-05E1581C95E8}.Release|Any CPU.ActiveCfg = Release|Any CPU
		{2F90424E-09B8-4C56-8420-05E1581C95E8}.Release|Any CPU.Build.0 = Release|Any CPU
	EndGlobalSection
	GlobalSection(SolutionProperties) = preSolution
		HideSolutionNode = FALSE
	EndGlobalSection
	GlobalSection(ExtensibilityGlobals) = postSolution
		SolutionGuid = {BEC7DB5B-C694-4966-B973-FA09446B5C3D}
	EndGlobalSection
EndGlobal
