
Microsoft Visual Studio Solution File, Format Version 12.00
# Visual Studio Version 16
VisualStudioVersion = 16.0.32106.194
MinimumVisualStudioVersion = 10.0.40219.1
Project("{FAE04EC0-301F-11D3-BF4B-00C04F79EFBC}") = "Lesson32_SinifIcındeDegerDondurmeyenMetodlar", "Lesson32_SinifIcındeDegerDondurmeyenMetodlar\Lesson32_SinifIcındeDegerDondurmeyenMetodlar.csproj", "{3B60AE68-C75B-4D30-8319-24AF84C570A0}"
EndProject
Project("{FAE04EC0-301F-11D3-BF4B-00C04F79EFBC}") = "Example", "Example\Example.csproj", "{C7B50A3A-8E07-466E-BA1C-1130584C1A57}"
EndProject
Global
	GlobalSection(SolutionConfigurationPlatforms) = preSolution
		Debug|Any CPU = Debug|Any CPU
		Release|Any CPU = Release|Any CPU
	EndGlobalSection
	GlobalSection(ProjectConfigurationPlatforms) = postSolution
		{3B60AE68-C75B-4D30-8319-24AF84C570A0}.Debug|Any CPU.ActiveCfg = Debug|Any CPU
		{3B60AE68-C75B-4D30-8319-24AF84C570A0}.Debug|Any CPU.Build.0 = Debug|Any CPU
		{3B60AE68-C75B-4D30-8319-24AF84C570A0}.Release|Any CPU.ActiveCfg = Release|Any CPU
		{3B60AE68-C75B-4D30-8319-24AF84C570A0}.Release|Any CPU.Build.0 = Release|Any CPU
		{C7B50A3A-8E07-466E-BA1C-1130584C1A57}.Debug|Any CPU.ActiveCfg = Debug|Any CPU
		{C7B50A3A-8E07-466E-BA1C-1130584C1A57}.Debug|Any CPU.Build.0 = Debug|Any CPU
		{C7B50A3A-8E07-466E-BA1C-1130584C1A57}.Release|Any CPU.ActiveCfg = Release|Any CPU
		{C7B50A3A-8E07-466E-BA1C-1130584C1A57}.Release|Any CPU.Build.0 = Release|Any CPU
	EndGlobalSection
	GlobalSection(SolutionProperties) = preSolution
		HideSolutionNode = FALSE
	EndGlobalSection
	GlobalSection(ExtensibilityGlobals) = postSolution
		SolutionGuid = {292AB8D5-1EA5-49C0-A67C-C40897DAACC3}
	EndGlobalSection
EndGlobal
