
Microsoft Visual Studio Solution File, Format Version 12.00
# Visual Studio Version 16
VisualStudioVersion = 16.0.32106.194
MinimumVisualStudioVersion = 10.0.40219.1
Project("{9A19103F-16F7-4668-BE54-9A1E7A4F7556}") = "Lesson27_Foreach", "Lesson27_Foreach\Lesson27_Foreach.csproj", "{7AF18A02-752B-4408-B28E-0BDF964B7555}"
EndProject
Project("{FAE04EC0-301F-11D3-BF4B-00C04F79EFBC}") = "ForeachExample", "ForeachExample\ForeachExample.csproj", "{B41318C5-BAB8-41D1-8A1D-D7624B1A22EC}"
EndProject
Global
	GlobalSection(SolutionConfigurationPlatforms) = preSolution
		Debug|Any CPU = Debug|Any CPU
		Release|Any CPU = Release|Any CPU
	EndGlobalSection
	GlobalSection(ProjectConfigurationPlatforms) = postSolution
		{7AF18A02-752B-4408-B28E-0BDF964B7555}.Debug|Any CPU.ActiveCfg = Debug|Any CPU
		{7AF18A02-752B-4408-B28E-0BDF964B7555}.Debug|Any CPU.Build.0 = Debug|Any CPU
		{7AF18A02-752B-4408-B28E-0BDF964B7555}.Release|Any CPU.ActiveCfg = Release|Any CPU
		{7AF18A02-752B-4408-B28E-0BDF964B7555}.Release|Any CPU.Build.0 = Release|Any CPU
		{B41318C5-BAB8-41D1-8A1D-D7624B1A22EC}.Debug|Any CPU.ActiveCfg = Debug|Any CPU
		{B41318C5-BAB8-41D1-8A1D-D7624B1A22EC}.Debug|Any CPU.Build.0 = Debug|Any CPU
		{B41318C5-BAB8-41D1-8A1D-D7624B1A22EC}.Release|Any CPU.ActiveCfg = Release|Any CPU
		{B41318C5-BAB8-41D1-8A1D-D7624B1A22EC}.Release|Any CPU.Build.0 = Release|Any CPU
	EndGlobalSection
	GlobalSection(SolutionProperties) = preSolution
		HideSolutionNode = FALSE
	EndGlobalSection
	GlobalSection(ExtensibilityGlobals) = postSolution
		SolutionGuid = {57B17F78-127A-49D7-8D84-AC426E6D2733}
	EndGlobalSection
EndGlobal
